
Microsoft Visual Studio Solution File, Format Version 11.00
# Visual Studio 2010
Project("{1863889A-00DF-4350-BA39-669CA949CB81}") = "SimpleForum", "SimpleForum.phpproj", "{AB539DE7-25B4-4659-99F4-CB63E171311A}"
EndProject
Global
	GlobalSection(SolutionConfigurationPlatforms) = preSolution
		Local|PHP 5.2 = Local|PHP 5.2
		Production|PHP 5.2 = Production|PHP 5.2
		Staging|PHP 5.2 = Staging|PHP 5.2
	EndGlobalSection
	GlobalSection(ProjectConfigurationPlatforms) = postSolution
		{AB539DE7-25B4-4659-99F4-CB63E171311A}.Local|PHP 5.2.ActiveCfg = Local|PHP 5.2
		{AB539DE7-25B4-4659-99F4-CB63E171311A}.Local|PHP 5.2.Deploy.0 = Local|PHP 5.2
		{AB539DE7-25B4-4659-99F4-CB63E171311A}.Production|PHP 5.2.ActiveCfg = Production|PHP 5.2
		{AB539DE7-25B4-4659-99F4-CB63E171311A}.Production|PHP 5.2.Deploy.0 = Production|PHP 5.2
		{AB539DE7-25B4-4659-99F4-CB63E171311A}.Staging|PHP 5.2.ActiveCfg = Staging|PHP 5.2
		{AB539DE7-25B4-4659-99F4-CB63E171311A}.Staging|PHP 5.2.Deploy.0 = Staging|PHP 5.2
	EndGlobalSection
	GlobalSection(SolutionProperties) = preSolution
		HideSolutionNode = FALSE
	EndGlobalSection
EndGlobal
